{
  "version": 4,
  "terraform_version": "1.3.5",
  "serial": 3,
  "lineage": "19e40bff-b07a-b42e-c16f-7ce0c9d60409",
  "outputs": {},
  "resources": [
    {
      "mode": "managed",
      "type": "github_repository",
      "name": "terraform-first-repo",
      "provider": "provider[\"registry.terraform.io/hashicorp/github\"]",
      "instances": [
        {
          "schema_version": 0,
          "attributes": {
            "allow_auto_merge": false,
            "allow_merge_commit": true,
            "allow_rebase_merge": true,
            "allow_squash_merge": true,
            "allow_update_branch": false,
            "archive_on_destroy": null,
            "archived": false,
            "auto_init": true,
            "default_branch": "main",
            "delete_branch_on_merge": false,
            "description": "My awesome codebase",
            "etag": "W/\"70a3b99bd87a4bd71f8633645cbb0a3bbafac84e070eac555dc4753d3f86e55f\"",
            "full_name": "amankr158/Terraform-repo1",
            "git_clone_url": "git://github.com/amankr158/Terraform-repo1.git",
            "gitignore_template": null,
            "has_downloads": false,
            "has_issues": false,
            "has_projects": false,
            "has_wiki": false,
            "homepage_url": "",
            "html_url": "https://github.com/amankr158/Terraform-repo1",
            "http_clone_url": "https://github.com/amankr158/Terraform-repo1.git",
            "id": "Terraform-repo1",
            "ignore_vulnerability_alerts_during_read": null,
            "is_template": false,
            "license_template": null,
            "merge_commit_message": "PR_TITLE",
            "merge_commit_title": "MERGE_MESSAGE",
            "name": "Terraform-repo1",
            "node_id": "R_kgDOIiRwOw",
            "pages": [],
            "private": false,
            "repo_id": 572813371,
            "security_and_analysis": [],
            "squash_merge_commit_message": "COMMIT_MESSAGES",
            "squash_merge_commit_title": "COMMIT_OR_PR_TITLE",
            "ssh_clone_url": "git@github.com:amankr158/Terraform-repo1.git",
            "svn_url": "https://github.com/amankr158/Terraform-repo1",
            "template": [],
            "topics": null,
            "visibility": "public",
            "vulnerability_alerts": false
          },
          "sensitive_attributes": [],
          "private": "bnVsbA=="
        }
      ]
    },
    {
      "mode": "managed",
      "type": "github_repository",
      "name": "terraform-second-repo",
      "provider": "provider[\"registry.terraform.io/hashicorp/github\"]",
      "instances": [
        {
          "schema_version": 0,
          "attributes": {
            "allow_auto_merge": false,
            "allow_merge_commit": true,
            "allow_rebase_merge": true,
            "allow_squash_merge": true,
            "allow_update_branch": false,
            "archive_on_destroy": null,
            "archived": false,
            "auto_init": true,
            "default_branch": "main",
            "delete_branch_on_merge": false,
            "description": "My awesome codebase2",
            "etag": "W/\"f39351a01ce1494747928f8ccfa4150eeb10ee198407a182ca458659052522f2\"",
            "full_name": "amankr158/Terraform-repo2",
            "git_clone_url": "git://github.com/amankr158/Terraform-repo2.git",
            "gitignore_template": null,
            "has_downloads": false,
            "has_issues": false,
            "has_projects": false,
            "has_wiki": false,
            "homepage_url": "",
            "html_url": "https://github.com/amankr158/Terraform-repo2",
            "http_clone_url": "https://github.com/amankr158/Terraform-repo2.git",
            "id": "Terraform-repo2",
            "ignore_vulnerability_alerts_during_read": null,
            "is_template": false,
            "license_template": null,
            "merge_commit_message": "PR_TITLE",
            "merge_commit_title": "MERGE_MESSAGE",
            "name": "Terraform-repo2",
            "node_id": "R_kgDOIiRwLg",
            "pages": [],
            "private": false,
            "repo_id": 572813358,
            "security_and_analysis": [],
            "squash_merge_commit_message": "COMMIT_MESSAGES",
            "squash_merge_commit_title": "COMMIT_OR_PR_TITLE",
            "ssh_clone_url": "git@github.com:amankr158/Terraform-repo2.git",
            "svn_url": "https://github.com/amankr158/Terraform-repo2",
            "template": [],
            "topics": null,
            "visibility": "public",
            "vulnerability_alerts": false
          },
          "sensitive_attributes": [],
          "private": "bnVsbA=="
        }
      ]
    }
  ],
  "check_results": null
}
