{
  "version": 4,
  "terraform_version": "1.3.5",
  "serial": 13,
  "lineage": "4abfc4eb-93ba-1045-4893-15d145ffaf76",
  "outputs": {},
  "resources": [
    {
      "mode": "managed",
      "type": "github_repository",
      "name": "terraform-second-repo",
      "provider": "provider[\"registry.terraform.io/hashicorp/github\"]",
      "instances": [
        {
          "schema_version": 0,
          "attributes": {
            "allow_auto_merge": false,
            "allow_merge_commit": true,
            "allow_rebase_merge": true,
            "allow_squash_merge": true,
            "allow_update_branch": false,
            "archive_on_destroy": null,
            "archived": false,
            "auto_init": true,
            "default_branch": "main",
            "delete_branch_on_merge": false,
            "description": "My awesome codebase2",
            "etag": "W/\"695e75f2f5cd79bcc4e4684e6f0b25870933b013b07a12ebbe1e99fdd053c913\"",
            "full_name": "amankr158/Terraform-repo2",
            "git_clone_url": "git://github.com/amankr158/Terraform-repo2.git",
            "gitignore_template": null,
            "has_downloads": false,
            "has_issues": false,
            "has_projects": false,
            "has_wiki": false,
            "homepage_url": "",
            "html_url": "https://github.com/amankr158/Terraform-repo2",
            "http_clone_url": "https://github.com/amankr158/Terraform-repo2.git",
            "id": "Terraform-repo2",
            "ignore_vulnerability_alerts_during_read": null,
            "is_template": false,
            "license_template": null,
            "merge_commit_message": "PR_TITLE",
            "merge_commit_title": "MERGE_MESSAGE",
            "name": "Terraform-repo2",
            "node_id": "R_kgDOIiRVGg",
            "pages": [],
            "private": false,
            "repo_id": 572806426,
            "security_and_analysis": [],
            "squash_merge_commit_message": "COMMIT_MESSAGES",
            "squash_merge_commit_title": "COMMIT_OR_PR_TITLE",
            "ssh_clone_url": "git@github.com:amankr158/Terraform-repo2.git",
            "svn_url": "https://github.com/amankr158/Terraform-repo2",
            "template": [],
            "topics": null,
            "visibility": "public",
            "vulnerability_alerts": false
          },
          "sensitive_attributes": [],
          "private": "bnVsbA=="
        }
      ]
    }
  ],
  "check_results": null
}
